
Microsoft Visual Studio Solution File, Format Version 12.00
# Visual Studio Version 17
VisualStudioVersion = 17.0.32014.148
MinimumVisualStudioVersion = 10.0.40219.1
Project("{9A19103F-16F7-4668-BE54-9A1E7A4F7556}") = "ChampionMasteryGg.Client", "ChampionMasteryGg.Client\ChampionMasteryGg.Client.csproj", "{F7C13D84-77E0-4E07-8FDE-B4CE6795EF55}"
EndProject
Project("{9A19103F-16F7-4668-BE54-9A1E7A4F7556}") = "ChampionMasteryGg.Client.Tests", "ChampionMasteryGg.Client.Tests\ChampionMasteryGg.Client.Tests.csproj", "{30F30F68-C986-4CFE-A5DC-CEDE5AB7C1EE}"
EndProject
Project("{2150E333-8FDC-42A3-9474-1A3956D46DE8}") = "Solution Items", "Solution Items", "{70100DE4-874B-4A23-9C70-18223AE1C6FC}"
	ProjectSection(SolutionItems) = preProject
		README.md = README.md
	EndProjectSection
EndProject
Global
	GlobalSection(SolutionConfigurationPlatforms) = preSolution
		Debug|Any CPU = Debug|Any CPU
		Release|Any CPU = Release|Any CPU
	EndGlobalSection
	GlobalSection(ProjectConfigurationPlatforms) = postSolution
		{F7C13D84-77E0-4E07-8FDE-B4CE6795EF55}.Debug|Any CPU.ActiveCfg = Debug|Any CPU
		{F7C13D84-77E0-4E07-8FDE-B4CE6795EF55}.Debug|Any CPU.Build.0 = Debug|Any CPU
		{F7C13D84-77E0-4E07-8FDE-B4CE6795EF55}.Release|Any CPU.ActiveCfg = Release|Any CPU
		{F7C13D84-77E0-4E07-8FDE-B4CE6795EF55}.Release|Any CPU.Build.0 = Release|Any CPU
		{30F30F68-C986-4CFE-A5DC-CEDE5AB7C1EE}.Debug|Any CPU.ActiveCfg = Debug|Any CPU
		{30F30F68-C986-4CFE-A5DC-CEDE5AB7C1EE}.Debug|Any CPU.Build.0 = Debug|Any CPU
		{30F30F68-C986-4CFE-A5DC-CEDE5AB7C1EE}.Release|Any CPU.ActiveCfg = Release|Any CPU
		{30F30F68-C986-4CFE-A5DC-CEDE5AB7C1EE}.Release|Any CPU.Build.0 = Release|Any CPU
	EndGlobalSection
	GlobalSection(SolutionProperties) = preSolution
		HideSolutionNode = FALSE
	EndGlobalSection
	GlobalSection(ExtensibilityGlobals) = postSolution
		SolutionGuid = {DC7770DE-A0D1-4776-8EEC-A372E0DC9094}
	EndGlobalSection
EndGlobal
